// !$*UTF8*$!
{
	archiveVersion = 1;
	classes = {
	};
	objectVersion = 50;
	objects = {

/* Begin PBXBuildFile section */
		5501635921BBD9CF00E3C511 /* AppDelegate.swift in Sources */ = {isa = PBXBuildFile; fileRef = 5501635821BBD9CF00E3C511 /* AppDelegate.swift */; };
		5501635B21BBD9CF00E3C511 /* art.scnassets in Resources */ = {isa = PBXBuildFile; fileRef = 5501635A21BBD9CF00E3C511 /* art.scnassets */; };
		5501635D21BBD9CF00E3C511 /* ViewController.swift in Sources */ = {isa = PBXBuildFile; fileRef = 5501635C21BBD9CF00E3C511 /* ViewController.swift */; };
		5501636021BBD9CF00E3C511 /* Main.storyboard in Resources */ = {isa = PBXBuildFile; fileRef = 5501635E21BBD9CF00E3C511 /* Main.storyboard */; };
		5501636221BBD9D000E3C511 /* Assets.xcassets in Resources */ = {isa = PBXBuildFile; fileRef = 5501636121BBD9D000E3C511 /* Assets.xcassets */; };
		5501636521BBD9D000E3C511 /* LaunchScreen.storyboard in Resources */ = {isa = PBXBuildFile; fileRef = 5501636321BBD9D000E3C511 /* LaunchScreen.storyboard */; };
		5501637021BBD9D000E3C511 /* PlaneARTests.swift in Sources */ = {isa = PBXBuildFile; fileRef = 5501636F21BBD9D000E3C511 /* PlaneARTests.swift */; };
		5501637B21BBD9D000E3C511 /* PlaneARUITests.swift in Sources */ = {isa = PBXBuildFile; fileRef = 5501637A21BBD9D000E3C511 /* PlaneARUITests.swift */; };
/* End PBXBuildFile section */

/* Begin PBXContainerItemProxy section */
		5501636C21BBD9D000E3C511 /* PBXContainerItemProxy */ = {
			isa = PBXContainerItemProxy;
			containerPortal = 5501634D21BBD9CF00E3C511 /* Project object */;
			proxyType = 1;
			remoteGlobalIDString = 5501635421BBD9CF00E3C511;
			remoteInfo = PlaneAR;
		};
		5501637721BBD9D000E3C511 /* PBXContainerItemProxy */ = {
			isa = PBXContainerItemProxy;
			containerPortal = 5501634D21BBD9CF00E3C511 /* Project object */;
			proxyType = 1;
			remoteGlobalIDString = 5501635421BBD9CF00E3C511;
			remoteInfo = PlaneAR;
		};
/* End PBXContainerItemProxy section */

/* Begin PBXFileReference section */
		5501635521BBD9CF00E3C511 /* PlaneAR.app */ = {isa = PBXFileReference; explicitFileType = wrapper.application; includeInIndex = 0; path = PlaneAR.app; sourceTree = BUILT_PRODUCTS_DIR; };
		5501635821BBD9CF00E3C511 /* AppDelegate.swift */ = {isa = PBXFileReference; lastKnownFileType = sourcecode.swift; path = AppDelegate.swift; sourceTree = "<group>"; };
		5501635A21BBD9CF00E3C511 /* art.scnassets */ = {isa = PBXFileReference; lastKnownFileType = wrapper.scnassets; path = art.scnassets; sourceTree = "<group>"; };
		5501635C21BBD9CF00E3C511 /* ViewController.swift */ = {isa = PBXFileReference; lastKnownFileType = sourcecode.swift; path = ViewController.swift; sourceTree = "<group>"; };
		5501635F21BBD9CF00E3C511 /* Base */ = {isa = PBXFileReference; lastKnownFileType = file.storyboard; name = Base; path = Base.lproj/Main.storyboard; sourceTree = "<group>"; };
		5501636121BBD9D000E3C511 /* Assets.xcassets */ = {isa = PBXFileReference; lastKnownFileType = folder.assetcatalog; path = Assets.xcassets; sourceTree = "<group>"; };
		5501636421BBD9D000E3C511 /* Base */ = {isa = PBXFileReference; lastKnownFileType = file.storyboard; name = Base; path = Base.lproj/LaunchScreen.storyboard; sourceTree = "<group>"; };
		5501636621BBD9D000E3C511 /* Info.plist */ = {isa = PBXFileReference; lastKnownFileType = text.plist.xml; path = Info.plist; sourceTree = "<group>"; };
		5501636B21BBD9D000E3C511 /* PlaneARTests.xctest */ = {isa = PBXFileReference; explicitFileType = wrapper.cfbundle; includeInIndex = 0; path = PlaneARTests.xctest; sourceTree = BUILT_PRODUCTS_DIR; };
		5501636F21BBD9D000E3C511 /* PlaneARTests.swift */ = {isa = PBXFileReference; lastKnownFileType = sourcecode.swift; path = PlaneARTests.swift; sourceTree = "<group>"; };
		5501637121BBD9D000E3C511 /* Info.plist */ = {isa = PBXFileReference; lastKnownFileType = text.plist.xml; path = Info.plist; sourceTree = "<group>"; };
		5501637621BBD9D000E3C511 /* PlaneARUITests.xctest */ = {isa = PBXFileReference; explicitFileType = wrapper.cfbundle; includeInIndex = 0; path = PlaneARUITests.xctest; sourceTree = BUILT_PRODUCTS_DIR; };
		5501637A21BBD9D000E3C511 /* PlaneARUITests.swift */ = {isa = PBXFileReference; lastKnownFileType = sourcecode.swift; path = PlaneARUITests.swift; sourceTree = "<group>"; };
		5501637C21BBD9D000E3C511 /* Info.plist */ = {isa = PBXFileReference; lastKnownFileType = text.plist.xml; path = Info.plist; sourceTree = "<group>"; };
		5501638B21BCCACE00E3C511 /* PlaneAR.entitlements */ = {isa = PBXFileReference; lastKnownFileType = text.plist.entitlements; path = PlaneAR.entitlements; sourceTree = "<group>"; };
/* End PBXFileReference section */

/* Begin PBXFrameworksBuildPhase section */
		5501635221BBD9CF00E3C511 /* Frameworks */ = {
			isa = PBXFrameworksBuildPhase;
			buildActionMask = 2147483647;
			files = (
			);
			runOnlyForDeploymentPostprocessing = 0;
		};
		5501636821BBD9D000E3C511 /* Frameworks */ = {
			isa = PBXFrameworksBuildPhase;
			buildActionMask = 2147483647;
			files = (
			);
			runOnlyForDeploymentPostprocessing = 0;
		};
		5501637321BBD9D000E3C511 /* Frameworks */ = {
			isa = PBXFrameworksBuildPhase;
			buildActionMask = 2147483647;
			files = (
			);
			runOnlyForDeploymentPostprocessing = 0;
		};
/* End PBXFrameworksBuildPhase section */

/* Begin PBXGroup section */
		5501634C21BBD9CF00E3C511 = {
			isa = PBXGroup;
			children = (
				5501635721BBD9CF00E3C511 /* PlaneAR */,
				5501636E21BBD9D000E3C511 /* PlaneARTests */,
				5501637921BBD9D000E3C511 /* PlaneARUITests */,
				5501635621BBD9CF00E3C511 /* Products */,
				5501638821BCCAC800E3C511 /* Frameworks */,
			);
			sourceTree = "<group>";
		};
		5501635621BBD9CF00E3C511 /* Products */ = {
			isa = PBXGroup;
			children = (
				5501635521BBD9CF00E3C511 /* PlaneAR.app */,
				5501636B21BBD9D000E3C511 /* PlaneARTests.xctest */,
				5501637621BBD9D000E3C511 /* PlaneARUITests.xctest */,
			);
			name = Products;
			sourceTree = "<group>";
		};
		5501635721BBD9CF00E3C511 /* PlaneAR */ = {
			isa = PBXGroup;
			children = (
				5501638B21BCCACE00E3C511 /* PlaneAR.entitlements */,
				5501635821BBD9CF00E3C511 /* AppDelegate.swift */,
				5501635A21BBD9CF00E3C511 /* art.scnassets */,
				5501635C21BBD9CF00E3C511 /* ViewController.swift */,
				5501635E21BBD9CF00E3C511 /* Main.storyboard */,
				5501636121BBD9D000E3C511 /* Assets.xcassets */,
				5501636321BBD9D000E3C511 /* LaunchScreen.storyboard */,
				5501636621BBD9D000E3C511 /* Info.plist */,
			);
			path = PlaneAR;
			sourceTree = "<group>";
		};
		5501636E21BBD9D000E3C511 /* PlaneARTests */ = {
			isa = PBXGroup;
			children = (
				5501636F21BBD9D000E3C511 /* PlaneARTests.swift */,
				5501637121BBD9D000E3C511 /* Info.plist */,
			);
			path = PlaneARTests;
			sourceTree = "<group>";
		};
		5501637921BBD9D000E3C511 /* PlaneARUITests */ = {
			isa = PBXGroup;
			children = (
				5501637A21BBD9D000E3C511 /* PlaneARUITests.swift */,
				5501637C21BBD9D000E3C511 /* Info.plist */,
			);
			path = PlaneARUITests;
			sourceTree = "<group>";
		};
		5501638821BCCAC800E3C511 /* Frameworks */ = {
			isa = PBXGroup;
			children = (
			);
			name = Frameworks;
			sourceTree = "<group>";
		};
/* End PBXGroup section */

/* Begin PBXNativeTarget section */
		5501635421BBD9CF00E3C511 /* PlaneAR */ = {
			isa = PBXNativeTarget;
			buildConfigurationList = 5501637F21BBD9D000E3C511 /* Build configuration list for PBXNativeTarget "PlaneAR" */;
			buildPhases = (
				5501635121BBD9CF00E3C511 /* Sources */,
				5501635221BBD9CF00E3C511 /* Frameworks */,
				5501635321BBD9CF00E3C511 /* Resources */,
			);
			buildRules = (
			);
			dependencies = (
			);
			name = PlaneAR;
			productName = PlaneAR;
			productReference = 5501635521BBD9CF00E3C511 /* PlaneAR.app */;
			productType = "com.apple.product-type.application";
		};
		5501636A21BBD9D000E3C511 /* PlaneARTests */ = {
			isa = PBXNativeTarget;
			buildConfigurationList = 5501638221BBD9D000E3C511 /* Build configuration list for PBXNativeTarget "PlaneARTests" */;
			buildPhases = (
				5501636721BBD9D000E3C511 /* Sources */,
				5501636821BBD9D000E3C511 /* Frameworks */,
				5501636921BBD9D000E3C511 /* Resources */,
			);
			buildRules = (
			);
			dependencies = (
				5501636D21BBD9D000E3C511 /* PBXTargetDependency */,
			);
			name = PlaneARTests;
			productName = PlaneARTests;
			productReference = 5501636B21BBD9D000E3C511 /* PlaneARTests.xctest */;
			productType = "com.apple.product-type.bundle.unit-test";
		};
		5501637521BBD9D000E3C511 /* PlaneARUITests */ = {
			isa = PBXNativeTarget;
			buildConfigurationList = 5501638521BBD9D000E3C511 /* Build configuration list for PBXNativeTarget "PlaneARUITests" */;
			buildPhases = (
				5501637221BBD9D000E3C511 /* Sources */,
				5501637321BBD9D000E3C511 /* Frameworks */,
				5501637421BBD9D000E3C511 /* Resources */,
			);
			buildRules = (
			);
			dependencies = (
				5501637821BBD9D000E3C511 /* PBXTargetDependency */,
			);
			name = PlaneARUITests;
			productName = PlaneARUITests;
			productReference = 5501637621BBD9D000E3C511 /* PlaneARUITests.xctest */;
			productType = "com.apple.product-type.bundle.ui-testing";
		};
/* End PBXNativeTarget section */

/* Begin PBXProject section */
		5501634D21BBD9CF00E3C511 /* Project object */ = {
			isa = PBXProject;
			attributes = {
				LastSwiftUpdateCheck = 1010;
				LastUpgradeCheck = 1010;
				ORGANIZATIONNAME = SLim;
				TargetAttributes = {
					5501635421BBD9CF00E3C511 = {
						CreatedOnToolsVersion = 10.1;
						SystemCapabilities = {
							com.apple.Maps.iOS = {
								enabled = 0;
							};
							com.apple.Push = {
								enabled = 1;
							};
							com.apple.iCloud = {
								enabled = 0;
							};
						};
					};
					5501636A21BBD9D000E3C511 = {
						CreatedOnToolsVersion = 10.1;
						TestTargetID = 5501635421BBD9CF00E3C511;
					};
					5501637521BBD9D000E3C511 = {
						CreatedOnToolsVersion = 10.1;
						TestTargetID = 5501635421BBD9CF00E3C511;
					};
				};
			};
			buildConfigurationList = 5501635021BBD9CF00E3C511 /* Build configuration list for PBXProject "PlaneAR" */;
			compatibilityVersion = "Xcode 9.3";
			developmentRegion = en;
			hasScannedForEncodings = 0;
			knownRegions = (
				en,
				Base,
			);
			mainGroup = 5501634C21BBD9CF00E3C511;
			productRefGroup = 5501635621BBD9CF00E3C511 /* Products */;
			projectDirPath = "";
			projectRoot = "";
			targets = (
				5501635421BBD9CF00E3C511 /* PlaneAR */,
				5501636A21BBD9D000E3C511 /* PlaneARTests */,
				5501637521BBD9D000E3C511 /* PlaneARUITests */,
			);
		};
/* End PBXProject section */

/* Begin PBXResourcesBuildPhase section */
		5501635321BBD9CF00E3C511 /* Resources */ = {
			isa = PBXResourcesBuildPhase;
			buildActionMask = 2147483647;
			files = (
				5501635B21BBD9CF00E3C511 /* art.scnassets in Resources */,
				5501636521BBD9D000E3C511 /* LaunchScreen.storyboard in Resources */,
				5501636221BBD9D000E3C511 /* Assets.xcassets in Resources */,
				5501636021BBD9CF00E3C511 /* Main.storyboard in Resources */,
			);
			runOnlyForDeploymentPostprocessing = 0;
		};
		5501636921BBD9D000E3C511 /* Resources */ = {
			isa = PBXResourcesBuildPhase;
			buildActionMask = 2147483647;
			files = (
			);
			runOnlyForDeploymentPostprocessing = 0;
		};
		5501637421BBD9D000E3C511 /* Resources */ = {
			isa = PBXResourcesBuildPhase;
			buildActionMask = 2147483647;
			files = (
			);
			runOnlyForDeploymentPostprocessing = 0;
		};
/* End PBXResourcesBuildPhase section */

/* Begin PBXSourcesBuildPhase section */
		5501635121BBD9CF00E3C511 /* Sources */ = {
			isa = PBXSourcesBuildPhase;
			buildActionMask = 2147483647;
			files = (
				5501635D21BBD9CF00E3C511 /* ViewController.swift in Sources */,
				5501635921BBD9CF00E3C511 /* AppDelegate.swift in Sources */,
			);
			runOnlyForDeploymentPostprocessing = 0;
		};
		5501636721BBD9D000E3C511 /* Sources */ = {
			isa = PBXSourcesBuildPhase;
			buildActionMask = 2147483647;
			files = (
				5501637021BBD9D000E3C511 /* PlaneARTests.swift in Sources */,
			);
			runOnlyForDeploymentPostprocessing = 0;
		};
		5501637221BBD9D000E3C511 /* Sources */ = {
			isa = PBXSourcesBuildPhase;
			buildActionMask = 2147483647;
			files = (
				5501637B21BBD9D000E3C511 /* PlaneARUITests.swift in Sources */,
			);
			runOnlyForDeploymentPostprocessing = 0;
		};
/* End PBXSourcesBuildPhase section */

/* Begin PBXTargetDependency section */
		5501636D21BBD9D000E3C511 /* PBXTargetDependency */ = {
			isa = PBXTargetDependency;
			target = 5501635421BBD9CF00E3C511 /* PlaneAR */;
			targetProxy = 5501636C21BBD9D000E3C511 /* PBXContainerItemProxy */;
		};
		5501637821BBD9D000E3C511 /* PBXTargetDependency */ = {
			isa = PBXTargetDependency;
			target = 5501635421BBD9CF00E3C511 /* PlaneAR */;
			targetProxy = 5501637721BBD9D000E3C511 /* PBXContainerItemProxy */;
		};
/* End PBXTargetDependency section */

/* Begin PBXVariantGroup section */
		5501635E21BBD9CF00E3C511 /* Main.storyboard */ = {
			isa = PBXVariantGroup;
			children = (
				5501635F21BBD9CF00E3C511 /* Base */,
			);
			name = Main.storyboard;
			sourceTree = "<group>";
		};
		5501636321BBD9D000E3C511 /* LaunchScreen.storyboard */ = {
			isa = PBXVariantGroup;
			children = (
				5501636421BBD9D000E3C511 /* Base */,
			);
			name = LaunchScreen.storyboard;
			sourceTree = "<group>";
		};
/* End PBXVariantGroup section */

/* Begin XCBuildConfiguration section */
		5501637D21BBD9D000E3C511 /* Debug */ = {
			isa = XCBuildConfiguration;
			buildSettings = {
				ALWAYS_SEARCH_USER_PATHS = NO;
				CLANG_ANALYZER_NONNULL = YES;
				CLANG_ANALYZER_NUMBER_OBJECT_CONVERSION = YES_AGGRESSIVE;
				CLANG_CXX_LANGUAGE_STANDARD = "gnu++14";
				CLANG_CXX_LIBRARY = "libc++";
				CLANG_ENABLE_MODULES = YES;
				CLANG_ENABLE_OBJC_ARC = YES;
				CLANG_ENABLE_OBJC_WEAK = YES;
				CLANG_WARN_BLOCK_CAPTURE_AUTORELEASING = YES;
				CLANG_WARN_BOOL_CONVERSION = YES;
				CLANG_WARN_COMMA = YES;
				CLANG_WARN_CONSTANT_CONVERSION = YES;
				CLANG_WARN_DEPRECATED_OBJC_IMPLEMENTATIONS = YES;
				CLANG_WARN_DIRECT_OBJC_ISA_USAGE = YES_ERROR;
				CLANG_WARN_DOCUMENTATION_COMMENTS = YES;
				CLANG_WARN_EMPTY_BODY = YES;
				CLANG_WARN_ENUM_CONVERSION = YES;
				CLANG_WARN_INFINITE_RECURSION = YES;
				CLANG_WARN_INT_CONVERSION = YES;
				CLANG_WARN_NON_LITERAL_NULL_CONVERSION = YES;
				CLANG_WARN_OBJC_IMPLICIT_RETAIN_SELF = YES;
				CLANG_WARN_OBJC_LITERAL_CONVERSION = YES;
				CLANG_WARN_OBJC_ROOT_CLASS = YES_ERROR;
				CLANG_WARN_RANGE_LOOP_ANALYSIS = YES;
				CLANG_WARN_STRICT_PROTOTYPES = YES;
				CLANG_WARN_SUSPICIOUS_MOVE = YES;
				CLANG_WARN_UNGUARDED_AVAILABILITY = YES_AGGRESSIVE;
				CLANG_WARN_UNREACHABLE_CODE = YES;
				CLANG_WARN__DUPLICATE_METHOD_MATCH = YES;
				CODE_SIGN_IDENTITY = "iPhone Developer";
				COPY_PHASE_STRIP = NO;
				DEBUG_INFORMATION_FORMAT = dwarf;
				ENABLE_STRICT_OBJC_MSGSEND = YES;
				ENABLE_TESTABILITY = YES;
				GCC_C_LANGUAGE_STANDARD = gnu11;
				GCC_DYNAMIC_NO_PIC = NO;
				GCC_NO_COMMON_BLOCKS = YES;
				GCC_OPTIMIZATION_LEVEL = 0;
				GCC_PREPROCESSOR_DEFINITIONS = (
					"DEBUG=1",
					"$(inherited)",
				);
				GCC_WARN_64_TO_32_BIT_CONVERSION = YES;
				GCC_WARN_ABOUT_RETURN_TYPE = YES_ERROR;
				GCC_WARN_UNDECLARED_SELECTOR = YES;
				GCC_WARN_UNINITIALIZED_AUTOS = YES_AGGRESSIVE;
				GCC_WARN_UNUSED_FUNCTION = YES;
				GCC_WARN_UNUSED_VARIABLE = YES;
				IPHONEOS_DEPLOYMENT_TARGET = 12.1;
				MTL_ENABLE_DEBUG_INFO = INCLUDE_SOURCE;
				MTL_FAST_MATH = YES;
				ONLY_ACTIVE_ARCH = YES;
				SDKROOT = iphoneos;
				SWIFT_ACTIVE_COMPILATION_CONDITIONS = DEBUG;
				SWIFT_OPTIMIZATION_LEVEL = "-Onone";
			};
			name = Debug;
		};
		5501637E21BBD9D000E3C511 /* Release */ = {
			isa = XCBuildConfiguration;
			buildSettings = {
				ALWAYS_SEARCH_USER_PATHS = NO;
				CLANG_ANALYZER_NONNULL = YES;
				CLANG_ANALYZER_NUMBER_OBJECT_CONVERSION = YES_AGGRESSIVE;
				CLANG_CXX_LANGUAGE_STANDARD = "gnu++14";
				CLANG_CXX_LIBRARY = "libc++";
				CLANG_ENABLE_MODULES = YES;
				CLANG_ENABLE_OBJC_ARC = YES;
				CLANG_ENABLE_OBJC_WEAK = YES;
				CLANG_WARN_BLOCK_CAPTURE_AUTORELEASING = YES;
				CLANG_WARN_BOOL_CONVERSION = YES;
				CLANG_WARN_COMMA = YES;
				CLANG_WARN_CONSTANT_CONVERSION = YES;
				CLANG_WARN_DEPRECATED_OBJC_IMPLEMENTATIONS = YES;
				CLANG_WARN_DIRECT_OBJC_ISA_USAGE = YES_ERROR;
				CLANG_WARN_DOCUMENTATION_COMMENTS = YES;
				CLANG_WARN_EMPTY_BODY = YES;
				CLANG_WARN_ENUM_CONVERSION = YES;
				CLANG_WARN_INFINITE_RECURSION = YES;
				CLANG_WARN_INT_CONVERSION = YES;
				CLANG_WARN_NON_LITERAL_NULL_CONVERSION = YES;
				CLANG_WARN_OBJC_IMPLICIT_RETAIN_SELF = YES;
				CLANG_WARN_OBJC_LITERAL_CONVERSION = YES;
				CLANG_WARN_OBJC_ROOT_CLASS = YES_ERROR;
				CLANG_WARN_RANGE_LOOP_ANALYSIS = YES;
				CLANG_WARN_STRICT_PROTOTYPES = YES;
				CLANG_WARN_SUSPICIOUS_MOVE = YES;
				CLANG_WARN_UNGUARDED_AVAILABILITY = YES_AGGRESSIVE;
				CLANG_WARN_UNREACHABLE_CODE = YES;
				CLANG_WARN__DUPLICATE_METHOD_MATCH = YES;
				CODE_SIGN_IDENTITY = "iPhone Developer";
				COPY_PHASE_STRIP = NO;
				DEBUG_INFORMATION_FORMAT = "dwarf-with-dsym";
				ENABLE_NS_ASSERTIONS = NO;
				ENABLE_STRICT_OBJC_MSGSEND = YES;
				GCC_C_LANGUAGE_STANDARD = gnu11;
				GCC_NO_COMMON_BLOCKS = YES;
				GCC_WARN_64_TO_32_BIT_CONVERSION = YES;
				GCC_WARN_ABOUT_RETURN_TYPE = YES_ERROR;
				GCC_WARN_UNDECLARED_SELECTOR = YES;
				GCC_WARN_UNINITIALIZED_AUTOS = YES_AGGRESSIVE;
				GCC_WARN_UNUSED_FUNCTION = YES;
				GCC_WARN_UNUSED_VARIABLE = YES;
				IPHONEOS_DEPLOYMENT_TARGET = 12.1;
				MTL_ENABLE_DEBUG_INFO = NO;
				MTL_FAST_MATH = YES;
				SDKROOT = iphoneos;
				SWIFT_COMPILATION_MODE = wholemodule;
				SWIFT_OPTIMIZATION_LEVEL = "-O";
				VALIDATE_PRODUCT = YES;
			};
			name = Release;
		};
		5501638021BBD9D000E3C511 /* Debug */ = {
			isa = XCBuildConfiguration;
			buildSettings = {
				ASSETCATALOG_COMPILER_APPICON_NAME = AppIcon;
				CODE_SIGN_ENTITLEMENTS = PlaneAR/PlaneAR.entitlements;
				CODE_SIGN_STYLE = Automatic;
				DEVELOPMENT_TEAM = 835HC59RFV;
				INFOPLIST_FILE = PlaneAR/Info.plist;
				LD_RUNPATH_SEARCH_PATHS = (
					"$(inherited)",
					"@executable_path/Frameworks",
				);
				PRODUCT_BUNDLE_IDENTIFIER = slimelime.PlaneAR;
				PRODUCT_NAME = "$(TARGET_NAME)";
				SWIFT_VERSION = 4.2;
				TARGETED_DEVICE_FAMILY = "1,2";
			};
			name = Debug;
		};
		5501638121BBD9D000E3C511 /* Release */ = {
			isa = XCBuildConfiguration;
			buildSettings = {
				ASSETCATALOG_COMPILER_APPICON_NAME = AppIcon;
				CODE_SIGN_ENTITLEMENTS = PlaneAR/PlaneAR.entitlements;
				CODE_SIGN_STYLE = Automatic;
				DEVELOPMENT_TEAM = 835HC59RFV;
				INFOPLIST_FILE = PlaneAR/Info.plist;
				LD_RUNPATH_SEARCH_PATHS = (
					"$(inherited)",
					"@executable_path/Frameworks",
				);
				PRODUCT_BUNDLE_IDENTIFIER = slimelime.PlaneAR;
				PRODUCT_NAME = "$(TARGET_NAME)";
				SWIFT_VERSION = 4.2;
				TARGETED_DEVICE_FAMILY = "1,2";
			};
			name = Release;
		};
		5501638321BBD9D000E3C511 /* Debug */ = {
			isa = XCBuildConfiguration;
			buildSettings = {
				ALWAYS_EMBED_SWIFT_STANDARD_LIBRARIES = YES;
				BUNDLE_LOADER = "$(TEST_HOST)";
				CODE_SIGN_STYLE = Automatic;
				DEVELOPMENT_TEAM = 835HC59RFV;
				INFOPLIST_FILE = PlaneARTests/Info.plist;
				LD_RUNPATH_SEARCH_PATHS = (
					"$(inherited)",
					"@executable_path/Frameworks",
					"@loader_path/Frameworks",
				);
				PRODUCT_BUNDLE_IDENTIFIER = slimelime.PlaneARTests;
				PRODUCT_NAME = "$(TARGET_NAME)";
				SWIFT_VERSION = 4.2;
				TARGETED_DEVICE_FAMILY = "1,2";
				TEST_HOST = "$(BUILT_PRODUCTS_DIR)/PlaneAR.app/PlaneAR";
			};
			name = Debug;
		};
		5501638421BBD9D000E3C511 /* Release */ = {
			isa = XCBuildConfiguration;
			buildSettings = {
				ALWAYS_EMBED_SWIFT_STANDARD_LIBRARIES = YES;
				BUNDLE_LOADER = "$(TEST_HOST)";
				CODE_SIGN_STYLE = Automatic;
				DEVELOPMENT_TEAM = 835HC59RFV;
				INFOPLIST_FILE = PlaneARTests/Info.plist;
				LD_RUNPATH_SEARCH_PATHS = (
					"$(inherited)",
					"@executable_path/Frameworks",
					"@loader_path/Frameworks",
				);
				PRODUCT_BUNDLE_IDENTIFIER = slimelime.PlaneARTests;
				PRODUCT_NAME = "$(TARGET_NAME)";
				SWIFT_VERSION = 4.2;
				TARGETED_DEVICE_FAMILY = "1,2";
				TEST_HOST = "$(BUILT_PRODUCTS_DIR)/PlaneAR.app/PlaneAR";
			};
			name = Release;
		};
		5501638621BBD9D000E3C511 /* Debug */ = {
			isa = XCBuildConfiguration;
			buildSettings = {
				ALWAYS_EMBED_SWIFT_STANDARD_LIBRARIES = YES;
				CODE_SIGN_STYLE = Automatic;
				DEVELOPMENT_TEAM = 835HC59RFV;
				INFOPLIST_FILE = PlaneARUITests/Info.plist;
				LD_RUNPATH_SEARCH_PATHS = (
					"$(inherited)",
					"@executable_path/Frameworks",
					"@loader_path/Frameworks",
				);
				PRODUCT_BUNDLE_IDENTIFIER = slimelime.PlaneARUITests;
				PRODUCT_NAME = "$(TARGET_NAME)";
				SWIFT_VERSION = 4.2;
				TARGETED_DEVICE_FAMILY = "1,2";
				TEST_TARGET_NAME = PlaneAR;
			};
			name = Debug;
		};
		5501638721BBD9D000E3C511 /* Release */ = {
			isa = XCBuildConfiguration;
			buildSettings = {
				ALWAYS_EMBED_SWIFT_STANDARD_LIBRARIES = YES;
				CODE_SIGN_STYLE = Automatic;
				DEVELOPMENT_TEAM = 835HC59RFV;
				INFOPLIST_FILE = PlaneARUITests/Info.plist;
				LD_RUNPATH_SEARCH_PATHS = (
					"$(inherited)",
					"@executable_path/Frameworks",
					"@loader_path/Frameworks",
				);
				PRODUCT_BUNDLE_IDENTIFIER = slimelime.PlaneARUITests;
				PRODUCT_NAME = "$(TARGET_NAME)";
				SWIFT_VERSION = 4.2;
				TARGETED_DEVICE_FAMILY = "1,2";
				TEST_TARGET_NAME = PlaneAR;
			};
			name = Release;
		};
/* End XCBuildConfiguration section */

/* Begin XCConfigurationList section */
		5501635021BBD9CF00E3C511 /* Build configuration list for PBXProject "PlaneAR" */ = {
			isa = XCConfigurationList;
			buildConfigurations = (
				5501637D21BBD9D000E3C511 /* Debug */,
				5501637E21BBD9D000E3C511 /* Release */,
			);
			defaultConfigurationIsVisible = 0;
			defaultConfigurationName = Release;
		};
		5501637F21BBD9D000E3C511 /* Build configuration list for PBXNativeTarget "PlaneAR" */ = {
			isa = XCConfigurationList;
			buildConfigurations = (
				5501638021BBD9D000E3C511 /* Debug */,
				5501638121BBD9D000E3C511 /* Release */,
			);
			defaultConfigurationIsVisible = 0;
			defaultConfigurationName = Release;
		};
		5501638221BBD9D000E3C511 /* Build configuration list for PBXNativeTarget "PlaneARTests" */ = {
			isa = XCConfigurationList;
			buildConfigurations = (
				5501638321BBD9D000E3C511 /* Debug */,
				5501638421BBD9D000E3C511 /* Release */,
			);
			defaultConfigurationIsVisible = 0;
			defaultConfigurationName = Release;
		};
		5501638521BBD9D000E3C511 /* Build configuration list for PBXNativeTarget "PlaneARUITests" */ = {
			isa = XCConfigurationList;
			buildConfigurations = (
				5501638621BBD9D000E3C511 /* Debug */,
				5501638721BBD9D000E3C511 /* Release */,
			);
			defaultConfigurationIsVisible = 0;
			defaultConfigurationName = Release;
		};
/* End XCConfigurationList section */
	};
	rootObject = 5501634D21BBD9CF00E3C511 /* Project object */;
}
